
Microsoft Visual Studio Solution File, Format Version 12.00
# Visual Studio Version 16
VisualStudioVersion = 16.0.29806.167
MinimumVisualStudioVersion = 10.0.40219.1
Project("{FAE04EC0-301F-11D3-BF4B-00C04F79EFBC}") = "ZaraTech", "ZaraTech\ZaraTech.csproj", "{81F84D8F-38E7-42D0-BC0B-87AA77C9A618}"
EndProject
Global
	GlobalSection(SolutionConfigurationPlatforms) = preSolution
		Debug|Any CPU = Debug|Any CPU
		Release|Any CPU = Release|Any CPU
	EndGlobalSection
	GlobalSection(ProjectConfigurationPlatforms) = postSolution
		{81F84D8F-38E7-42D0-BC0B-87AA77C9A618}.Debug|Any CPU.ActiveCfg = Debug|Any CPU
		{81F84D8F-38E7-42D0-BC0B-87AA77C9A618}.Debug|Any CPU.Build.0 = Debug|Any CPU
		{81F84D8F-38E7-42D0-BC0B-87AA77C9A618}.Release|Any CPU.ActiveCfg = Release|Any CPU
		{81F84D8F-38E7-42D0-BC0B-87AA77C9A618}.Release|Any CPU.Build.0 = Release|Any CPU
	EndGlobalSection
	GlobalSection(SolutionProperties) = preSolution
		HideSolutionNode = FALSE
	EndGlobalSection
	GlobalSection(ExtensibilityGlobals) = postSolution
		SolutionGuid = {8AF33715-7934-4A9B-A37F-F98BDB80D5B5}
	EndGlobalSection
EndGlobal
